
Microsoft Visual Studio Solution File, Format Version 12.00
# Visual Studio 15
VisualStudioVersion = 15.0.28307.960
MinimumVisualStudioVersion = 10.0.40219.1
Project("{FAE04EC0-301F-11D3-BF4B-00C04F79EFBC}") = "Quiz", "Quiz\Quiz.csproj", "{8191CB4B-A1F4-4C3A-84B7-E8E220D5DFBF}"
EndProject
Global
	GlobalSection(SolutionConfigurationPlatforms) = preSolution
		Debug|Any CPU = Debug|Any CPU
		Release|Any CPU = Release|Any CPU
	EndGlobalSection
	GlobalSection(ProjectConfigurationPlatforms) = postSolution
		{8191CB4B-A1F4-4C3A-84B7-E8E220D5DFBF}.Debug|Any CPU.ActiveCfg = Debug|Any CPU
		{8191CB4B-A1F4-4C3A-84B7-E8E220D5DFBF}.Debug|Any CPU.Build.0 = Debug|Any CPU
		{8191CB4B-A1F4-4C3A-84B7-E8E220D5DFBF}.Release|Any CPU.ActiveCfg = Release|Any CPU
		{8191CB4B-A1F4-4C3A-84B7-E8E220D5DFBF}.Release|Any CPU.Build.0 = Release|Any CPU
	EndGlobalSection
	GlobalSection(SolutionProperties) = preSolution
		HideSolutionNode = FALSE
	EndGlobalSection
	GlobalSection(ExtensibilityGlobals) = postSolution
		SolutionGuid = {F4AA0E59-3F70-4B3E-AE5A-2BBDC4771B06}
	EndGlobalSection
EndGlobal
